
Microsoft Visual Studio Solution File, Format Version 12.00
# Visual Studio Version 16
VisualStudioVersion = 16.0.28917.181
MinimumVisualStudioVersion = 10.0.40219.1
Project("{FAE04EC0-301F-11D3-BF4B-00C04F79EFBC}") = "Permanency-Server", "Permanency-Server\Permanency-Server.csproj", "{03D7138D-F533-44D2-9C73-1A828FBE3C6A}"
EndProject
Global
	GlobalSection(SolutionConfigurationPlatforms) = preSolution
		Debug|Any CPU = Debug|Any CPU
		Release|Any CPU = Release|Any CPU
	EndGlobalSection
	GlobalSection(ProjectConfigurationPlatforms) = postSolution
		{03D7138D-F533-44D2-9C73-1A828FBE3C6A}.Debug|Any CPU.ActiveCfg = Debug|Any CPU
		{03D7138D-F533-44D2-9C73-1A828FBE3C6A}.Debug|Any CPU.Build.0 = Debug|Any CPU
		{03D7138D-F533-44D2-9C73-1A828FBE3C6A}.Release|Any CPU.ActiveCfg = Release|Any CPU
		{03D7138D-F533-44D2-9C73-1A828FBE3C6A}.Release|Any CPU.Build.0 = Release|Any CPU
	EndGlobalSection
	GlobalSection(SolutionProperties) = preSolution
		HideSolutionNode = FALSE
	EndGlobalSection
	GlobalSection(ExtensibilityGlobals) = postSolution
		SolutionGuid = {61DBAADB-393C-456E-B5AF-E6806CB5EB36}
	EndGlobalSection
EndGlobal
